
Microsoft Visual Studio Solution File, Format Version 12.00
# Visual Studio Version 17
VisualStudioVersion = 17.2.32616.157
MinimumVisualStudioVersion = 10.0.40219.1
Project("{9A19103F-16F7-4668-BE54-9A1E7A4F7556}") = "CustomerApi", "CustomerApi\CustomerApi.csproj", "{61F605FF-EB3E-49A1-BDF2-9F8C1644332B}"
EndProject
Project("{9A19103F-16F7-4668-BE54-9A1E7A4F7556}") = "CustomerMVC", "CustomerMVC\CustomerMVC.csproj", "{DC1F8B59-76A2-4688-B829-5A339B30ECD0}"
EndProject
Project("{9A19103F-16F7-4668-BE54-9A1E7A4F7556}") = "DataAccessLayer", "DataAccessLayer\DataAccessLayer.csproj", "{2D845FF0-5C9B-4F93-AAFE-E8F1E99CBFE0}"
EndProject
Project("{9A19103F-16F7-4668-BE54-9A1E7A4F7556}") = "ServicesLayer", "ServicesLayer\ServicesLayer.csproj", "{A86EBB19-F3EE-4989-8B8B-CDA8EED87171}"
EndProject
Project("{9A19103F-16F7-4668-BE54-9A1E7A4F7556}") = "SharedModels", "SharedModels\SharedModels.csproj", "{2F7E0CEC-B565-4B6C-B3F7-D76B47F34C82}"
EndProject
Global
	GlobalSection(SolutionConfigurationPlatforms) = preSolution
		Debug|Any CPU = Debug|Any CPU
		Release|Any CPU = Release|Any CPU
	EndGlobalSection
	GlobalSection(ProjectConfigurationPlatforms) = postSolution
		{61F605FF-EB3E-49A1-BDF2-9F8C1644332B}.Debug|Any CPU.ActiveCfg = Debug|Any CPU
		{61F605FF-EB3E-49A1-BDF2-9F8C1644332B}.Debug|Any CPU.Build.0 = Debug|Any CPU
		{61F605FF-EB3E-49A1-BDF2-9F8C1644332B}.Release|Any CPU.ActiveCfg = Release|Any CPU
		{61F605FF-EB3E-49A1-BDF2-9F8C1644332B}.Release|Any CPU.Build.0 = Release|Any CPU
		{DC1F8B59-76A2-4688-B829-5A339B30ECD0}.Debug|Any CPU.ActiveCfg = Debug|Any CPU
		{DC1F8B59-76A2-4688-B829-5A339B30ECD0}.Debug|Any CPU.Build.0 = Debug|Any CPU
		{DC1F8B59-76A2-4688-B829-5A339B30ECD0}.Release|Any CPU.ActiveCfg = Release|Any CPU
		{DC1F8B59-76A2-4688-B829-5A339B30ECD0}.Release|Any CPU.Build.0 = Release|Any CPU
		{2D845FF0-5C9B-4F93-AAFE-E8F1E99CBFE0}.Debug|Any CPU.ActiveCfg = Debug|Any CPU
		{2D845FF0-5C9B-4F93-AAFE-E8F1E99CBFE0}.Debug|Any CPU.Build.0 = Debug|Any CPU
		{2D845FF0-5C9B-4F93-AAFE-E8F1E99CBFE0}.Release|Any CPU.ActiveCfg = Release|Any CPU
		{2D845FF0-5C9B-4F93-AAFE-E8F1E99CBFE0}.Release|Any CPU.Build.0 = Release|Any CPU
		{A86EBB19-F3EE-4989-8B8B-CDA8EED87171}.Debug|Any CPU.ActiveCfg = Debug|Any CPU
		{A86EBB19-F3EE-4989-8B8B-CDA8EED87171}.Debug|Any CPU.Build.0 = Debug|Any CPU
		{A86EBB19-F3EE-4989-8B8B-CDA8EED87171}.Release|Any CPU.ActiveCfg = Release|Any CPU
		{A86EBB19-F3EE-4989-8B8B-CDA8EED87171}.Release|Any CPU.Build.0 = Release|Any CPU
		{2F7E0CEC-B565-4B6C-B3F7-D76B47F34C82}.Debug|Any CPU.ActiveCfg = Debug|Any CPU
		{2F7E0CEC-B565-4B6C-B3F7-D76B47F34C82}.Debug|Any CPU.Build.0 = Debug|Any CPU
		{2F7E0CEC-B565-4B6C-B3F7-D76B47F34C82}.Release|Any CPU.ActiveCfg = Release|Any CPU
		{2F7E0CEC-B565-4B6C-B3F7-D76B47F34C82}.Release|Any CPU.Build.0 = Release|Any CPU
	EndGlobalSection
	GlobalSection(SolutionProperties) = preSolution
		HideSolutionNode = FALSE
	EndGlobalSection
	GlobalSection(ExtensibilityGlobals) = postSolution
		SolutionGuid = {481A8F90-C26E-40D6-8C9C-9BDC9A2FA016}
	EndGlobalSection
EndGlobal
